// !$*UTF8*$!
{
	archiveVersion = 1;
	classes = {
	};
	objectVersion = 55;
	objects = {

/* Begin PBXBuildFile section */
		A127F11028A8530000C9B319 /* FavoritesView.swift in Sources */ = {isa = PBXBuildFile; fileRef = A127F10F28A8530000C9B319 /* FavoritesView.swift */; };
		A127F11228A85EEC00C9B319 /* ProfileView.swift in Sources */ = {isa = PBXBuildFile; fileRef = A127F11128A85EEC00C9B319 /* ProfileView.swift */; };
		A127F11428A86B1F00C9B319 /* EditProfileView.swift in Sources */ = {isa = PBXBuildFile; fileRef = A127F11328A86B1F00C9B319 /* EditProfileView.swift */; };
		A152D80128B1A73A00FF598B /* SistemaPuntos.swift in Sources */ = {isa = PBXBuildFile; fileRef = A152D80028B1A73A00FF598B /* SistemaPuntos.swift */; };
		A152D80328B1B09E00FF598B /* Assets2x3x.swift in Sources */ = {isa = PBXBuildFile; fileRef = A152D80228B1B09E00FF598B /* Assets2x3x.swift */; };
		A15B4A9228A9191D00D5D2E4 /* SaveData.swift in Sources */ = {isa = PBXBuildFile; fileRef = A15B4A9128A9191D00D5D2E4 /* SaveData.swift */; };
		A15B4A9528A9496E00D5D2E4 /* SUImagePickerView.swift in Sources */ = {isa = PBXBuildFile; fileRef = A15B4A9428A9496E00D5D2E4 /* SUImagePickerView.swift */; };
		A160FD5E289AF1A50077B6FA /* GamesView.swift in Sources */ = {isa = PBXBuildFile; fileRef = A160FD5D289AF1A50077B6FA /* GamesView.swift */; };
		A160FD63289AF3130077B6FA /* Model.swift in Sources */ = {isa = PBXBuildFile; fileRef = A160FD62289AF3130077B6FA /* Model.swift */; };
		A160FD65289AF33C0077B6FA /* ViewModel.swift in Sources */ = {isa = PBXBuildFile; fileRef = A160FD64289AF33C0077B6FA /* ViewModel.swift */; };
		A177A493289E92570097E9BA /* Kingfisher in Frameworks */ = {isa = PBXBuildFile; productRef = A177A492289E92570097E9BA /* Kingfisher */; };
		A177A495289E95FB0097E9BA /* GameView.swift in Sources */ = {isa = PBXBuildFile; fileRef = A177A494289E95FB0097E9BA /* GameView.swift */; };
		A177A497289ED40E0097E9BA /* SearchGame.swift in Sources */ = {isa = PBXBuildFile; fileRef = A177A496289ED40E0097E9BA /* SearchGame.swift */; };
		A1B37B0F289018DF00A57156 /* imagenesDefault in Resources */ = {isa = PBXBuildFile; fileRef = A1B37B0E289018DF00A57156 /* imagenesDefault */; };
		A1C7177828832CD300A46A86 /* GameStreamApp.swift in Sources */ = {isa = PBXBuildFile; fileRef = A1C7176828832CC700A46A86 /* GameStreamApp.swift */; };
		A1C7177928832CD300A46A86 /* GameStreamApp.swift in Sources */ = {isa = PBXBuildFile; fileRef = A1C7176828832CC700A46A86 /* GameStreamApp.swift */; };
		A1C7177A28832CD300A46A86 /* ContentView.swift in Sources */ = {isa = PBXBuildFile; fileRef = A1C7176928832CC700A46A86 /* ContentView.swift */; };
		A1C7177B28832CD300A46A86 /* ContentView.swift in Sources */ = {isa = PBXBuildFile; fileRef = A1C7176928832CC700A46A86 /* ContentView.swift */; };
		A1C7177C28832CD300A46A86 /* Assets.xcassets in Resources */ = {isa = PBXBuildFile; fileRef = A1C7176A28832CD200A46A86 /* Assets.xcassets */; };
		A1C7177D28832CD300A46A86 /* Assets.xcassets in Resources */ = {isa = PBXBuildFile; fileRef = A1C7176A28832CD200A46A86 /* Assets.xcassets */; };
		A1EF23B1288DBF5700202F1F /* Home.swift in Sources */ = {isa = PBXBuildFile; fileRef = A1EF23B0288DBF5700202F1F /* Home.swift */; };
/* End PBXBuildFile section */

/* Begin PBXFileReference section */
		A127F10F28A8530000C9B319 /* FavoritesView.swift */ = {isa = PBXFileReference; lastKnownFileType = sourcecode.swift; path = FavoritesView.swift; sourceTree = "<group>"; };
		A127F11128A85EEC00C9B319 /* ProfileView.swift */ = {isa = PBXFileReference; lastKnownFileType = sourcecode.swift; path = ProfileView.swift; sourceTree = "<group>"; };
		A127F11328A86B1F00C9B319 /* EditProfileView.swift */ = {isa = PBXFileReference; lastKnownFileType = sourcecode.swift; path = EditProfileView.swift; sourceTree = "<group>"; };
		A152D80028B1A73A00FF598B /* SistemaPuntos.swift */ = {isa = PBXFileReference; lastKnownFileType = sourcecode.swift; path = SistemaPuntos.swift; sourceTree = "<group>"; };
		A152D80228B1B09E00FF598B /* Assets2x3x.swift */ = {isa = PBXFileReference; lastKnownFileType = sourcecode.swift; path = Assets2x3x.swift; sourceTree = "<group>"; };
		A15B4A9128A9191D00D5D2E4 /* SaveData.swift */ = {isa = PBXFileReference; lastKnownFileType = sourcecode.swift; path = SaveData.swift; sourceTree = "<group>"; };
		A15B4A9428A9496E00D5D2E4 /* SUImagePickerView.swift */ = {isa = PBXFileReference; fileEncoding = 4; lastKnownFileType = sourcecode.swift; path = SUImagePickerView.swift; sourceTree = "<group>"; };
		A160FD5D289AF1A50077B6FA /* GamesView.swift */ = {isa = PBXFileReference; lastKnownFileType = sourcecode.swift; path = GamesView.swift; sourceTree = "<group>"; };
		A160FD62289AF3130077B6FA /* Model.swift */ = {isa = PBXFileReference; lastKnownFileType = sourcecode.swift; path = Model.swift; sourceTree = "<group>"; };
		A160FD64289AF33C0077B6FA /* ViewModel.swift */ = {isa = PBXFileReference; lastKnownFileType = sourcecode.swift; path = ViewModel.swift; sourceTree = "<group>"; };
		A177A494289E95FB0097E9BA /* GameView.swift */ = {isa = PBXFileReference; lastKnownFileType = sourcecode.swift; path = GameView.swift; sourceTree = "<group>"; };
		A177A496289ED40E0097E9BA /* SearchGame.swift */ = {isa = PBXFileReference; lastKnownFileType = sourcecode.swift; path = SearchGame.swift; sourceTree = "<group>"; };
		A1B37B0E289018DF00A57156 /* imagenesDefault */ = {isa = PBXFileReference; lastKnownFileType = folder; name = imagenesDefault; path = "../../../../Downloads/curso-desarrollo-app-swiftui-PantallaHomeProgramacionInterfacesEstaticas-C2/PlatziGameStream/Assets.xcassets/imagenesDefault"; sourceTree = "<group>"; };
		A1C7176828832CC700A46A86 /* GameStreamApp.swift */ = {isa = PBXFileReference; lastKnownFileType = sourcecode.swift; path = GameStreamApp.swift; sourceTree = "<group>"; };
		A1C7176928832CC700A46A86 /* ContentView.swift */ = {isa = PBXFileReference; lastKnownFileType = sourcecode.swift; path = ContentView.swift; sourceTree = "<group>"; };
		A1C7176A28832CD200A46A86 /* Assets.xcassets */ = {isa = PBXFileReference; lastKnownFileType = folder.assetcatalog; path = Assets.xcassets; sourceTree = "<group>"; };
		A1C7176F28832CD200A46A86 /* GameStream.app */ = {isa = PBXFileReference; explicitFileType = wrapper.application; includeInIndex = 0; path = GameStream.app; sourceTree = BUILT_PRODUCTS_DIR; };
		A1C7177528832CD300A46A86 /* GameStream.app */ = {isa = PBXFileReference; explicitFileType = wrapper.application; includeInIndex = 0; path = GameStream.app; sourceTree = BUILT_PRODUCTS_DIR; };
		A1C7177728832CD300A46A86 /* macOS.entitlements */ = {isa = PBXFileReference; lastKnownFileType = text.plist.entitlements; path = macOS.entitlements; sourceTree = "<group>"; };
		A1EF23B0288DBF5700202F1F /* Home.swift */ = {isa = PBXFileReference; lastKnownFileType = sourcecode.swift; path = Home.swift; sourceTree = "<group>"; };
/* End PBXFileReference section */

/* Begin PBXFrameworksBuildPhase section */
		A1C7176C28832CD200A46A86 /* Frameworks */ = {
			isa = PBXFrameworksBuildPhase;
			buildActionMask = 2147483647;
			files = (
				A177A493289E92570097E9BA /* Kingfisher in Frameworks */,
			);
			runOnlyForDeploymentPostprocessing = 0;
		};
		A1C7177228832CD300A46A86 /* Frameworks */ = {
			isa = PBXFrameworksBuildPhase;
			buildActionMask = 2147483647;
			files = (
			);
			runOnlyForDeploymentPostprocessing = 0;
		};
/* End PBXFrameworksBuildPhase section */

/* Begin PBXGroup section */
		A160FD5F289AF2820077B6FA /* Vistas */ = {
			isa = PBXGroup;
			children = (
				A1C7176928832CC700A46A86 /* ContentView.swift */,
				A1EF23B0288DBF5700202F1F /* Home.swift */,
				A160FD5D289AF1A50077B6FA /* GamesView.swift */,
				A177A494289E95FB0097E9BA /* GameView.swift */,
				A127F10F28A8530000C9B319 /* FavoritesView.swift */,
				A127F11128A85EEC00C9B319 /* ProfileView.swift */,
				A127F11328A86B1F00C9B319 /* EditProfileView.swift */,
				A152D80028B1A73A00FF598B /* SistemaPuntos.swift */,
				A152D80228B1B09E00FF598B /* Assets2x3x.swift */,
			);
			path = Vistas;
			sourceTree = "<group>";
		};
		A160FD60289AF2BA0077B6FA /* Modelos */ = {
			isa = PBXGroup;
			children = (
				A160FD62289AF3130077B6FA /* Model.swift */,
			);
			path = Modelos;
			sourceTree = "<group>";
		};
		A160FD61289AF2CB0077B6FA /* VistasModelos */ = {
			isa = PBXGroup;
			children = (
				A15B4A9428A9496E00D5D2E4 /* SUImagePickerView.swift */,
				A160FD64289AF33C0077B6FA /* ViewModel.swift */,
				A177A496289ED40E0097E9BA /* SearchGame.swift */,
				A15B4A9128A9191D00D5D2E4 /* SaveData.swift */,
			);
			path = VistasModelos;
			sourceTree = "<group>";
		};
		A1C7176228832CC700A46A86 = {
			isa = PBXGroup;
			children = (
				A160FD61289AF2CB0077B6FA /* VistasModelos */,
				A160FD60289AF2BA0077B6FA /* Modelos */,
				A160FD5F289AF2820077B6FA /* Vistas */,
				A1C7176728832CC700A46A86 /* Shared */,
				A1C7177628832CD300A46A86 /* macOS */,
				A1C7177028832CD200A46A86 /* Products */,
			);
			sourceTree = "<group>";
		};
		A1C7176728832CC700A46A86 /* Shared */ = {
			isa = PBXGroup;
			children = (
				A1C7176828832CC700A46A86 /* GameStreamApp.swift */,
				A1C7176A28832CD200A46A86 /* Assets.xcassets */,
			);
			path = Shared;
			sourceTree = "<group>";
		};
		A1C7177028832CD200A46A86 /* Products */ = {
			isa = PBXGroup;
			children = (
				A1C7176F28832CD200A46A86 /* GameStream.app */,
				A1C7177528832CD300A46A86 /* GameStream.app */,
			);
			name = Products;
			sourceTree = "<group>";
		};
		A1C7177628832CD300A46A86 /* macOS */ = {
			isa = PBXGroup;
			children = (
				A1C7177728832CD300A46A86 /* macOS.entitlements */,
				A1B37B0E289018DF00A57156 /* imagenesDefault */,
			);
			path = macOS;
			sourceTree = "<group>";
		};
/* End PBXGroup section */

/* Begin PBXNativeTarget section */
		A1C7176E28832CD200A46A86 /* GameStream (iOS) */ = {
			isa = PBXNativeTarget;
			buildConfigurationList = A1C7178028832CD300A46A86 /* Build configuration list for PBXNativeTarget "GameStream (iOS)" */;
			buildPhases = (
				A1C7176B28832CD200A46A86 /* Sources */,
				A1C7176C28832CD200A46A86 /* Frameworks */,
				A1C7176D28832CD200A46A86 /* Resources */,
			);
			buildRules = (
			);
			dependencies = (
			);
			name = "GameStream (iOS)";
			packageProductDependencies = (
				A177A492289E92570097E9BA /* Kingfisher */,
			);
			productName = "GameStream (iOS)";
			productReference = A1C7176F28832CD200A46A86 /* GameStream.app */;
			productType = "com.apple.product-type.application";
		};
		A1C7177428832CD300A46A86 /* GameStream (macOS) */ = {
			isa = PBXNativeTarget;
			buildConfigurationList = A1C7178328832CD300A46A86 /* Build configuration list for PBXNativeTarget "GameStream (macOS)" */;
			buildPhases = (
				A1C7177128832CD300A46A86 /* Sources */,
				A1C7177228832CD300A46A86 /* Frameworks */,
				A1C7177328832CD300A46A86 /* Resources */,
			);
			buildRules = (
			);
			dependencies = (
			);
			name = "GameStream (macOS)";
			productName = "GameStream (macOS)";
			productReference = A1C7177528832CD300A46A86 /* GameStream.app */;
			productType = "com.apple.product-type.application";
		};
/* End PBXNativeTarget section */

/* Begin PBXProject section */
		A1C7176328832CC700A46A86 /* Project object */ = {
			isa = PBXProject;
			attributes = {
				BuildIndependentTargetsInParallel = 1;
				LastSwiftUpdateCheck = 1340;
				LastUpgradeCheck = 1340;
				TargetAttributes = {
					A1C7176E28832CD200A46A86 = {
						CreatedOnToolsVersion = 13.4.1;
					};
					A1C7177428832CD300A46A86 = {
						CreatedOnToolsVersion = 13.4.1;
					};
				};
			};
			buildConfigurationList = A1C7176628832CC700A46A86 /* Build configuration list for PBXProject "GameStream" */;
			compatibilityVersion = "Xcode 13.0";
			developmentRegion = en;
			hasScannedForEncodings = 0;
			knownRegions = (
				en,
				Base,
			);
			mainGroup = A1C7176228832CC700A46A86;
			packageReferences = (
				A177A491289E92570097E9BA /* XCRemoteSwiftPackageReference "Kingfisher" */,
			);
			productRefGroup = A1C7177028832CD200A46A86 /* Products */;
			projectDirPath = "";
			projectRoot = "";
			targets = (
				A1C7176E28832CD200A46A86 /* GameStream (iOS) */,
				A1C7177428832CD300A46A86 /* GameStream (macOS) */,
			);
		};
/* End PBXProject section */

/* Begin PBXResourcesBuildPhase section */
		A1C7176D28832CD200A46A86 /* Resources */ = {
			isa = PBXResourcesBuildPhase;
			buildActionMask = 2147483647;
			files = (
				A1C7177C28832CD300A46A86 /* Assets.xcassets in Resources */,
				A1B37B0F289018DF00A57156 /* imagenesDefault in Resources */,
			);
			runOnlyForDeploymentPostprocessing = 0;
		};
		A1C7177328832CD300A46A86 /* Resources */ = {
			isa = PBXResourcesBuildPhase;
			buildActionMask = 2147483647;
			files = (
				A1C7177D28832CD300A46A86 /* Assets.xcassets in Resources */,
			);
			runOnlyForDeploymentPostprocessing = 0;
		};
/* End PBXResourcesBuildPhase section */

/* Begin PBXSourcesBuildPhase section */
		A1C7176B28832CD200A46A86 /* Sources */ = {
			isa = PBXSourcesBuildPhase;
			buildActionMask = 2147483647;
			files = (
				A160FD63289AF3130077B6FA /* Model.swift in Sources */,
				A1C7177A28832CD300A46A86 /* ContentView.swift in Sources */,
				A15B4A9228A9191D00D5D2E4 /* SaveData.swift in Sources */,
				A127F11228A85EEC00C9B319 /* ProfileView.swift in Sources */,
				A127F11428A86B1F00C9B319 /* EditProfileView.swift in Sources */,
				A152D80328B1B09E00FF598B /* Assets2x3x.swift in Sources */,
				A15B4A9528A9496E00D5D2E4 /* SUImagePickerView.swift in Sources */,
				A1EF23B1288DBF5700202F1F /* Home.swift in Sources */,
				A177A497289ED40E0097E9BA /* SearchGame.swift in Sources */,
				A160FD5E289AF1A50077B6FA /* GamesView.swift in Sources */,
				A160FD65289AF33C0077B6FA /* ViewModel.swift in Sources */,
				A1C7177828832CD300A46A86 /* GameStreamApp.swift in Sources */,
				A152D80128B1A73A00FF598B /* SistemaPuntos.swift in Sources */,
				A177A495289E95FB0097E9BA /* GameView.swift in Sources */,
				A127F11028A8530000C9B319 /* FavoritesView.swift in Sources */,
			);
			runOnlyForDeploymentPostprocessing = 0;
		};
		A1C7177128832CD300A46A86 /* Sources */ = {
			isa = PBXSourcesBuildPhase;
			buildActionMask = 2147483647;
			files = (
				A1C7177B28832CD300A46A86 /* ContentView.swift in Sources */,
				A1C7177928832CD300A46A86 /* GameStreamApp.swift in Sources */,
			);
			runOnlyForDeploymentPostprocessing = 0;
		};
/* End PBXSourcesBuildPhase section */

/* Begin XCBuildConfiguration section */
		A1C7177E28832CD300A46A86 /* Debug */ = {
			isa = XCBuildConfiguration;
			buildSettings = {
				ALWAYS_SEARCH_USER_PATHS = NO;
				CLANG_ANALYZER_NONNULL = YES;
				CLANG_ANALYZER_NUMBER_OBJECT_CONVERSION = YES_AGGRESSIVE;
				CLANG_CXX_LANGUAGE_STANDARD = "gnu++17";
				CLANG_ENABLE_MODULES = YES;
				CLANG_ENABLE_OBJC_ARC = YES;
				CLANG_ENABLE_OBJC_WEAK = YES;
				CLANG_WARN_BLOCK_CAPTURE_AUTORELEASING = YES;
				CLANG_WARN_BOOL_CONVERSION = YES;
				CLANG_WARN_COMMA = YES;
				CLANG_WARN_CONSTANT_CONVERSION = YES;
				CLANG_WARN_DEPRECATED_OBJC_IMPLEMENTATIONS = YES;
				CLANG_WARN_DIRECT_OBJC_ISA_USAGE = YES_ERROR;
				CLANG_WARN_DOCUMENTATION_COMMENTS = YES;
				CLANG_WARN_EMPTY_BODY = YES;
				CLANG_WARN_ENUM_CONVERSION = YES;
				CLANG_WARN_INFINITE_RECURSION = YES;
				CLANG_WARN_INT_CONVERSION = YES;
				CLANG_WARN_NON_LITERAL_NULL_CONVERSION = YES;
				CLANG_WARN_OBJC_IMPLICIT_RETAIN_SELF = YES;
				CLANG_WARN_OBJC_LITERAL_CONVERSION = YES;
				CLANG_WARN_OBJC_ROOT_CLASS = YES_ERROR;
				CLANG_WARN_QUOTED_INCLUDE_IN_FRAMEWORK_HEADER = YES;
				CLANG_WARN_RANGE_LOOP_ANALYSIS = YES;
				CLANG_WARN_STRICT_PROTOTYPES = YES;
				CLANG_WARN_SUSPICIOUS_MOVE = YES;
				CLANG_WARN_UNGUARDED_AVAILABILITY = YES_AGGRESSIVE;
				CLANG_WARN_UNREACHABLE_CODE = YES;
				CLANG_WARN__DUPLICATE_METHOD_MATCH = YES;
				COPY_PHASE_STRIP = NO;
				DEBUG_INFORMATION_FORMAT = dwarf;
				ENABLE_STRICT_OBJC_MSGSEND = YES;
				ENABLE_TESTABILITY = YES;
				GCC_C_LANGUAGE_STANDARD = gnu11;
				GCC_DYNAMIC_NO_PIC = NO;
				GCC_NO_COMMON_BLOCKS = YES;
				GCC_OPTIMIZATION_LEVEL = 0;
				GCC_PREPROCESSOR_DEFINITIONS = (
					"DEBUG=1",
					"$(inherited)",
				);
				GCC_WARN_64_TO_32_BIT_CONVERSION = YES;
				GCC_WARN_ABOUT_RETURN_TYPE = YES_ERROR;
				GCC_WARN_UNDECLARED_SELECTOR = YES;
				GCC_WARN_UNINITIALIZED_AUTOS = YES_AGGRESSIVE;
				GCC_WARN_UNUSED_FUNCTION = YES;
				GCC_WARN_UNUSED_VARIABLE = YES;
				MTL_ENABLE_DEBUG_INFO = INCLUDE_SOURCE;
				MTL_FAST_MATH = YES;
				ONLY_ACTIVE_ARCH = YES;
				SWIFT_ACTIVE_COMPILATION_CONDITIONS = DEBUG;
				SWIFT_OPTIMIZATION_LEVEL = "-Onone";
			};
			name = Debug;
		};
		A1C7177F28832CD300A46A86 /* Release */ = {
			isa = XCBuildConfiguration;
			buildSettings = {
				ALWAYS_SEARCH_USER_PATHS = NO;
				CLANG_ANALYZER_NONNULL = YES;
				CLANG_ANALYZER_NUMBER_OBJECT_CONVERSION = YES_AGGRESSIVE;
				CLANG_CXX_LANGUAGE_STANDARD = "gnu++17";
				CLANG_ENABLE_MODULES = YES;
				CLANG_ENABLE_OBJC_ARC = YES;
				CLANG_ENABLE_OBJC_WEAK = YES;
				CLANG_WARN_BLOCK_CAPTURE_AUTORELEASING = YES;
				CLANG_WARN_BOOL_CONVERSION = YES;
				CLANG_WARN_COMMA = YES;
				CLANG_WARN_CONSTANT_CONVERSION = YES;
				CLANG_WARN_DEPRECATED_OBJC_IMPLEMENTATIONS = YES;
				CLANG_WARN_DIRECT_OBJC_ISA_USAGE = YES_ERROR;
				CLANG_WARN_DOCUMENTATION_COMMENTS = YES;
				CLANG_WARN_EMPTY_BODY = YES;
				CLANG_WARN_ENUM_CONVERSION = YES;
				CLANG_WARN_INFINITE_RECURSION = YES;
				CLANG_WARN_INT_CONVERSION = YES;
				CLANG_WARN_NON_LITERAL_NULL_CONVERSION = YES;
				CLANG_WARN_OBJC_IMPLICIT_RETAIN_SELF = YES;
				CLANG_WARN_OBJC_LITERAL_CONVERSION = YES;
				CLANG_WARN_OBJC_ROOT_CLASS = YES_ERROR;
				CLANG_WARN_QUOTED_INCLUDE_IN_FRAMEWORK_HEADER = YES;
				CLANG_WARN_RANGE_LOOP_ANALYSIS = YES;
				CLANG_WARN_STRICT_PROTOTYPES = YES;
				CLANG_WARN_SUSPICIOUS_MOVE = YES;
				CLANG_WARN_UNGUARDED_AVAILABILITY = YES_AGGRESSIVE;
				CLANG_WARN_UNREACHABLE_CODE = YES;
				CLANG_WARN__DUPLICATE_METHOD_MATCH = YES;
				COPY_PHASE_STRIP = NO;
				DEBUG_INFORMATION_FORMAT = "dwarf-with-dsym";
				ENABLE_NS_ASSERTIONS = NO;
				ENABLE_STRICT_OBJC_MSGSEND = YES;
				GCC_C_LANGUAGE_STANDARD = gnu11;
				GCC_NO_COMMON_BLOCKS = YES;
				GCC_WARN_64_TO_32_BIT_CONVERSION = YES;
				GCC_WARN_ABOUT_RETURN_TYPE = YES_ERROR;
				GCC_WARN_UNDECLARED_SELECTOR = YES;
				GCC_WARN_UNINITIALIZED_AUTOS = YES_AGGRESSIVE;
				GCC_WARN_UNUSED_FUNCTION = YES;
				GCC_WARN_UNUSED_VARIABLE = YES;
				MTL_ENABLE_DEBUG_INFO = NO;
				MTL_FAST_MATH = YES;
				SWIFT_COMPILATION_MODE = wholemodule;
				SWIFT_OPTIMIZATION_LEVEL = "-O";
			};
			name = Release;
		};
		A1C7178128832CD300A46A86 /* Debug */ = {
			isa = XCBuildConfiguration;
			buildSettings = {
				ASSETCATALOG_COMPILER_APPICON_NAME = AppIcon;
				ASSETCATALOG_COMPILER_GLOBAL_ACCENT_COLOR_NAME = AccentColor;
				CODE_SIGN_STYLE = Automatic;
				CURRENT_PROJECT_VERSION = 1;
				ENABLE_PREVIEWS = YES;
				GENERATE_INFOPLIST_FILE = YES;
				INFOPLIST_KEY_UIApplicationSceneManifest_Generation = YES;
				INFOPLIST_KEY_UIApplicationSupportsIndirectInputEvents = YES;
				INFOPLIST_KEY_UILaunchScreen_Generation = YES;
				INFOPLIST_KEY_UISupportedInterfaceOrientations_iPad = "UIInterfaceOrientationPortrait UIInterfaceOrientationPortraitUpsideDown UIInterfaceOrientationLandscapeLeft UIInterfaceOrientationLandscapeRight";
				INFOPLIST_KEY_UISupportedInterfaceOrientations_iPhone = "UIInterfaceOrientationPortrait UIInterfaceOrientationLandscapeLeft UIInterfaceOrientationLandscapeRight";
				IPHONEOS_DEPLOYMENT_TARGET = 15.5;
				LD_RUNPATH_SEARCH_PATHS = (
					"$(inherited)",
					"@executable_path/Frameworks",
				);
				MARKETING_VERSION = 1.0;
				PRODUCT_BUNDLE_IDENTIFIER = kevin.GameStream;
				PRODUCT_NAME = GameStream;
				SDKROOT = iphoneos;
				SWIFT_EMIT_LOC_STRINGS = YES;
				SWIFT_VERSION = 5.0;
				TARGETED_DEVICE_FAMILY = "1,2";
			};
			name = Debug;
		};
		A1C7178228832CD300A46A86 /* Release */ = {
			isa = XCBuildConfiguration;
			buildSettings = {
				ASSETCATALOG_COMPILER_APPICON_NAME = AppIcon;
				ASSETCATALOG_COMPILER_GLOBAL_ACCENT_COLOR_NAME = AccentColor;
				CODE_SIGN_STYLE = Automatic;
				CURRENT_PROJECT_VERSION = 1;
				ENABLE_PREVIEWS = YES;
				GENERATE_INFOPLIST_FILE = YES;
				INFOPLIST_KEY_UIApplicationSceneManifest_Generation = YES;
				INFOPLIST_KEY_UIApplicationSupportsIndirectInputEvents = YES;
				INFOPLIST_KEY_UILaunchScreen_Generation = YES;
				INFOPLIST_KEY_UISupportedInterfaceOrientations_iPad = "UIInterfaceOrientationPortrait UIInterfaceOrientationPortraitUpsideDown UIInterfaceOrientationLandscapeLeft UIInterfaceOrientationLandscapeRight";
				INFOPLIST_KEY_UISupportedInterfaceOrientations_iPhone = "UIInterfaceOrientationPortrait UIInterfaceOrientationLandscapeLeft UIInterfaceOrientationLandscapeRight";
				IPHONEOS_DEPLOYMENT_TARGET = 15.5;
				LD_RUNPATH_SEARCH_PATHS = (
					"$(inherited)",
					"@executable_path/Frameworks",
				);
				MARKETING_VERSION = 1.0;
				PRODUCT_BUNDLE_IDENTIFIER = kevin.GameStream;
				PRODUCT_NAME = GameStream;
				SDKROOT = iphoneos;
				SWIFT_EMIT_LOC_STRINGS = YES;
				SWIFT_VERSION = 5.0;
				TARGETED_DEVICE_FAMILY = "1,2";
				VALIDATE_PRODUCT = YES;
			};
			name = Release;
		};
		A1C7178428832CD300A46A86 /* Debug */ = {
			isa = XCBuildConfiguration;
			buildSettings = {
				ASSETCATALOG_COMPILER_APPICON_NAME = AppIcon;
				ASSETCATALOG_COMPILER_GLOBAL_ACCENT_COLOR_NAME = AccentColor;
				CODE_SIGN_ENTITLEMENTS = macOS/macOS.entitlements;
				CODE_SIGN_STYLE = Automatic;
				COMBINE_HIDPI_IMAGES = YES;
				CURRENT_PROJECT_VERSION = 1;
				ENABLE_PREVIEWS = YES;
				GENERATE_INFOPLIST_FILE = YES;
				INFOPLIST_KEY_NSHumanReadableCopyright = "";
				LD_RUNPATH_SEARCH_PATHS = (
					"$(inherited)",
					"@executable_path/../Frameworks",
				);
				MACOSX_DEPLOYMENT_TARGET = 12.3;
				MARKETING_VERSION = 1.0;
				PRODUCT_BUNDLE_IDENTIFIER = kevin.GameStream;
				PRODUCT_NAME = GameStream;
				SDKROOT = macosx;
				SWIFT_EMIT_LOC_STRINGS = YES;
				SWIFT_VERSION = 5.0;
			};
			name = Debug;
		};
		A1C7178528832CD300A46A86 /* Release */ = {
			isa = XCBuildConfiguration;
			buildSettings = {
				ASSETCATALOG_COMPILER_APPICON_NAME = AppIcon;
				ASSETCATALOG_COMPILER_GLOBAL_ACCENT_COLOR_NAME = AccentColor;
				CODE_SIGN_ENTITLEMENTS = macOS/macOS.entitlements;
				CODE_SIGN_STYLE = Automatic;
				COMBINE_HIDPI_IMAGES = YES;
				CURRENT_PROJECT_VERSION = 1;
				ENABLE_PREVIEWS = YES;
				GENERATE_INFOPLIST_FILE = YES;
				INFOPLIST_KEY_NSHumanReadableCopyright = "";
				LD_RUNPATH_SEARCH_PATHS = (
					"$(inherited)",
					"@executable_path/../Frameworks",
				);
				MACOSX_DEPLOYMENT_TARGET = 12.3;
				MARKETING_VERSION = 1.0;
				PRODUCT_BUNDLE_IDENTIFIER = kevin.GameStream;
				PRODUCT_NAME = GameStream;
				SDKROOT = macosx;
				SWIFT_EMIT_LOC_STRINGS = YES;
				SWIFT_VERSION = 5.0;
			};
			name = Release;
		};
/* End XCBuildConfiguration section */

/* Begin XCConfigurationList section */
		A1C7176628832CC700A46A86 /* Build configuration list for PBXProject "GameStream" */ = {
			isa = XCConfigurationList;
			buildConfigurations = (
				A1C7177E28832CD300A46A86 /* Debug */,
				A1C7177F28832CD300A46A86 /* Release */,
			);
			defaultConfigurationIsVisible = 0;
			defaultConfigurationName = Release;
		};
		A1C7178028832CD300A46A86 /* Build configuration list for PBXNativeTarget "GameStream (iOS)" */ = {
			isa = XCConfigurationList;
			buildConfigurations = (
				A1C7178128832CD300A46A86 /* Debug */,
				A1C7178228832CD300A46A86 /* Release */,
			);
			defaultConfigurationIsVisible = 0;
			defaultConfigurationName = Release;
		};
		A1C7178328832CD300A46A86 /* Build configuration list for PBXNativeTarget "GameStream (macOS)" */ = {
			isa = XCConfigurationList;
			buildConfigurations = (
				A1C7178428832CD300A46A86 /* Debug */,
				A1C7178528832CD300A46A86 /* Release */,
			);
			defaultConfigurationIsVisible = 0;
			defaultConfigurationName = Release;
		};
/* End XCConfigurationList section */

/* Begin XCRemoteSwiftPackageReference section */
		A177A491289E92570097E9BA /* XCRemoteSwiftPackageReference "Kingfisher" */ = {
			isa = XCRemoteSwiftPackageReference;
			repositoryURL = "https://github.com/onevcat/Kingfisher";
			requirement = {
				kind = upToNextMajorVersion;
				minimumVersion = 7.0.0;
			};
		};
/* End XCRemoteSwiftPackageReference section */

/* Begin XCSwiftPackageProductDependency section */
		A177A492289E92570097E9BA /* Kingfisher */ = {
			isa = XCSwiftPackageProductDependency;
			package = A177A491289E92570097E9BA /* XCRemoteSwiftPackageReference "Kingfisher" */;
			productName = Kingfisher;
		};
/* End XCSwiftPackageProductDependency section */
	};
	rootObject = A1C7176328832CC700A46A86 /* Project object */;
}
